<?xml version="1.0" encoding="utf-8"?>
<Project ToolsVersion="4.0" xmlns="http://schemas.microsoft.com/developer/msbuild/2003">
  <ItemGroup>
    <Filter Include="Source Files">
      <UniqueIdentifier>{4FC737F1-C7A5-4376-A066-2A32D752A2FF}</UniqueIdentifier>
      <Extensions>cpp;c;cc;cxx;def;odl;idl;hpj;bat;asm;asmx</Extensions>
    </Filter>
    <Filter Include="Header Files">
      <UniqueIdentifier>{93995380-89BD-4b04-88EB-625FBE52EBFB}</UniqueIdentifier>
      <Extensions>h;hh;hpp;hxx;hm;inl;inc;xsd</Extensions>
    </Filter>
    <Filter Include="Resource Files">
      <UniqueIdentifier>{67DA6AB6-F800-4c08-8B7A-83BB121AAD01}</UniqueIdentifier>
      <Extensions>rc;ico;cur;bmp;dlg;rc2;rct;bin;rgs;gif;jpg;jpeg;jpe;resx;tiff;tif;png;wav;mfcribbon-ms</Extensions>
    </Filter>
    <Filter Include="Source Files\include">
      <UniqueIdentifier>{04570e26-3fd8-4cec-877b-31271475a409}</UniqueIdentifier>
    </Filter>
    <Filter Include="Source Files\include\gfx">
      <UniqueIdentifier>{cac98396-b19c-4371-8c94-f6ec3ebca932}</UniqueIdentifier>
    </Filter>
    <Filter Include="Source Files\GL">
      <UniqueIdentifier>{b87e7de3-dee4-4839-8473-10e32a7890d3}</UniqueIdentifier>
    </Filter>
    <Filter Include="Source Files\solvers">
      <UniqueIdentifier>{ddfa609c-0226-4d90-bb47-4f3db7bba464}</UniqueIdentifier>
    </Filter>
    <Filter Include="Source Files\forces">
      <UniqueIdentifier>{eeeb9be0-a4e1-4502-834a-b48f5c9bd76d}</UniqueIdentifier>
    </Filter>
    <Filter Include="Source Files\constraints">
      <UniqueIdentifier>{d7f20a54-acbe-4ab9-94a0-5f940ac38cb4}</UniqueIdentifier>
    </Filter>
    <Filter Include="Source Files\objects">
      <UniqueIdentifier>{1cb248b2-eefc-45ab-afb4-78fc7289b2d0}</UniqueIdentifier>
    </Filter>
  </ItemGroup>
  <ItemGroup>
    <Text Include="ReadMe.txt" />
  </ItemGroup>
  <ItemGroup>
    <ClInclude Include="stdafx.h">
      <Filter>Header Files</Filter>
    </ClInclude>
    <ClInclude Include="targetver.h">
      <Filter>Header Files</Filter>
    </ClInclude>
    <ClInclude Include="include\gfx\config.h">
      <Filter>Source Files\include\gfx</Filter>
    </ClInclude>
    <ClInclude Include="include\gfx\geom3d.h">
      <Filter>Source Files\include\gfx</Filter>
    </ClInclude>
    <ClInclude Include="include\gfx\geom4d.h">
      <Filter>Source Files\include\gfx</Filter>
    </ClInclude>
    <ClInclude Include="include\gfx\gfx.h">
      <Filter>Source Files\include\gfx</Filter>
    </ClInclude>
    <ClInclude Include="include\gfx\mat2.h">
      <Filter>Source Files\include\gfx</Filter>
    </ClInclude>
    <ClInclude Include="include\gfx\mat3.h">
      <Filter>Source Files\include\gfx</Filter>
    </ClInclude>
    <ClInclude Include="include\gfx\mat4.h">
      <Filter>Source Files\include\gfx</Filter>
    </ClInclude>
    <ClInclude Include="include\gfx\quat.h">
      <Filter>Source Files\include\gfx</Filter>
    </ClInclude>
    <ClInclude Include="include\gfx\symmat2.h">
      <Filter>Source Files\include\gfx</Filter>
    </ClInclude>
    <ClInclude Include="include\gfx\symmat3.h">
      <Filter>Source Files\include\gfx</Filter>
    </ClInclude>
    <ClInclude Include="include\gfx\symmat4.h">
      <Filter>Source Files\include\gfx</Filter>
    </ClInclude>
    <ClInclude Include="include\gfx\vec3.h">
      <Filter>Source Files\include\gfx</Filter>
    </ClInclude>
    <ClInclude Include="include\gfx\vec4.h">
      <Filter>Source Files\include\gfx</Filter>
    </ClInclude>
    <ClInclude Include="include\gfx\vec2.h">
      <Filter>Source Files\include\gfx</Filter>
    </ClInclude>
    <ClInclude Include="GL\fgl.h">
      <Filter>Source Files\GL</Filter>
    </ClInclude>
    <ClInclude Include="GL\fglu.h">
      <Filter>Source Files\GL</Filter>
    </ClInclude>
    <ClInclude Include="GL\fglut.h">
      <Filter>Source Files\GL</Filter>
    </ClInclude>
    <ClInclude Include="GL\glsmap.h">
      <Filter>Source Files\GL</Filter>
    </ClInclude>
    <ClInclude Include="GL\glut.h">
      <Filter>Source Files\GL</Filter>
    </ClInclude>
    <ClInclude Include="GL\tube.h">
      <Filter>Source Files\GL</Filter>
    </ClInclude>
    <ClInclude Include="solvers\AdaptiveTimeStepper.h">
      <Filter>Source Files\solvers</Filter>
    </ClInclude>
    <ClInclude Include="solvers\BasicVerlet.h">
      <Filter>Source Files\solvers</Filter>
    </ClInclude>
    <ClInclude Include="solvers\ConstraintSolver.h">
      <Filter>Source Files\solvers</Filter>
    </ClInclude>
    <ClInclude Include="solvers\Euler.h">
      <Filter>Source Files\solvers</Filter>
    </ClInclude>
    <ClInclude Include="solvers\LeapFrog.h">
      <Filter>Source Files\solvers</Filter>
    </ClInclude>
    <ClInclude Include="solvers\MidPoint.h">
      <Filter>Source Files\solvers</Filter>
    </ClInclude>
    <ClInclude Include="solvers\RungeKutta.h">
      <Filter>Source Files\solvers</Filter>
    </ClInclude>
    <ClInclude Include="solvers\Solver.h">
      <Filter>Source Files\solvers</Filter>
    </ClInclude>
    <ClInclude Include="constraints\CircularWireConstraint.h">
      <Filter>Source Files\constraints</Filter>
    </ClInclude>
    <ClInclude Include="constraints\Constraint.h">
      <Filter>Source Files\constraints</Filter>
    </ClInclude>
    <ClInclude Include="constraints\RodConstraint.h">
      <Filter>Source Files\constraints</Filter>
    </ClInclude>
    <ClInclude Include="forces\AngularSpringForce.h">
      <Filter>Source Files\forces</Filter>
    </ClInclude>
    <ClInclude Include="forces\Force.h">
      <Filter>Source Files\forces</Filter>
    </ClInclude>
    <ClInclude Include="forces\GravityForce.h">
      <Filter>Source Files\forces</Filter>
    </ClInclude>
    <ClInclude Include="forces\MouseForce.h">
      <Filter>Source Files\forces</Filter>
    </ClInclude>
    <ClInclude Include="forces\SpringForce.h">
      <Filter>Source Files\forces</Filter>
    </ClInclude>
    <ClInclude Include="objects\Cloth.h">
      <Filter>Source Files\objects</Filter>
    </ClInclude>
    <ClInclude Include="objects\Hair.h">
      <Filter>Source Files\objects</Filter>
    </ClInclude>
    <ClInclude Include="objects\Particle.h">
      <Filter>Source Files\objects</Filter>
    </ClInclude>
    <ClInclude Include="objects\Object.h">
      <Filter>Source Files\objects</Filter>
    </ClInclude>
    <ClInclude Include="objects\SolidObject.h">
      <Filter>Source Files\objects</Filter>
    </ClInclude>
    <ClInclude Include="forces\ContactForce.h">
      <Filter>Source Files\forces</Filter>
    </ClInclude>
  </ItemGroup>
  <ItemGroup>
    <ClCompile Include="solvers\AdaptiveTimeStepper.cpp">
      <Filter>Source Files\solvers</Filter>
    </ClCompile>
    <ClCompile Include="solvers\BasicVerlet.cpp">
      <Filter>Source Files\solvers</Filter>
    </ClCompile>
    <ClCompile Include="solvers\ConstraintSolver.cpp">
      <Filter>Source Files\solvers</Filter>
    </ClCompile>
    <ClCompile Include="solvers\Euler.cpp">
      <Filter>Source Files\solvers</Filter>
    </ClCompile>
    <ClCompile Include="solvers\LeapFrog.cpp">
      <Filter>Source Files\solvers</Filter>
    </ClCompile>
    <ClCompile Include="solvers\MidPoint.cpp">
      <Filter>Source Files\solvers</Filter>
    </ClCompile>
    <ClCompile Include="solvers\RungeKutta.cpp">
      <Filter>Source Files\solvers</Filter>
    </ClCompile>
    <ClCompile Include="constraints\CircularWireConstraint.cpp">
      <Filter>Source Files\constraints</Filter>
    </ClCompile>
    <ClCompile Include="constraints\RodConstraint.cpp">
      <Filter>Source Files\constraints</Filter>
    </ClCompile>
    <ClCompile Include="forces\AngularSpringForce.cpp">
      <Filter>Source Files\forces</Filter>
    </ClCompile>
    <ClCompile Include="forces\GravityForce.cpp">
      <Filter>Source Files\forces</Filter>
    </ClCompile>
    <ClCompile Include="forces\MouseForce.cpp">
      <Filter>Source Files\forces</Filter>
    </ClCompile>
    <ClCompile Include="forces\SpringForce.cpp">
      <Filter>Source Files\forces</Filter>
    </ClCompile>
    <ClCompile Include="ParticleToy.cpp">
      <Filter>Source Files</Filter>
    </ClCompile>
    <ClCompile Include="objects\Cloth.cpp">
      <Filter>Source Files\objects</Filter>
    </ClCompile>
    <ClCompile Include="objects\Hair.cpp">
      <Filter>Source Files\objects</Filter>
    </ClCompile>
    <ClCompile Include="objects\Particle.cpp">
      <Filter>Source Files\objects</Filter>
    </ClCompile>
    <ClCompile Include="SICGConsole.cpp">
      <Filter>Source Files</Filter>
    </ClCompile>
    <ClCompile Include="objects\Object.cpp">
      <Filter>Source Files\objects</Filter>
    </ClCompile>
    <ClCompile Include="forces\ContactForce.cpp">
      <Filter>Source Files\forces</Filter>
    </ClCompile>
    <ClCompile Include="objects\SolidObject.cpp">
      <Filter>Source Files\objects</Filter>
    </ClCompile>
  </ItemGroup>
</Project>